
Microsoft Visual Studio Solution File, Format Version 12.00
# Blend for Visual Studio 15
VisualStudioVersion = 15.0.26730.10
MinimumVisualStudioVersion = 10.0.40219.1
Project("{FAE04EC0-301F-11D3-BF4B-00C04F79EFBC}") = "ApiViewer.Standard", "ApiViewer.Standard\ApiViewer.Standard.csproj", "{6B61D8C3-21EF-4A4E-BC44-0DDB6F1AC660}"
EndProject
Project("{FAE04EC0-301F-11D3-BF4B-00C04F79EFBC}") = "ApiViewer.WinForms", "ApiViewer.WinForms\ApiViewer.WinForms.csproj", "{21C2420C-ACE8-4E8D-B123-FC4AA001826E}"
EndProject
Project("{FAE04EC0-301F-11D3-BF4B-00C04F79EFBC}") = "ApiViewer.Standard.Tests", "ApiViewer.Standard.Tests\ApiViewer.Standard.Tests.csproj", "{98C9F7CD-DBDE-431B-BA11-47D2C222C346}"
EndProject
Project("{FAE04EC0-301F-11D3-BF4B-00C04F79EFBC}") = "ApiViewer.Core.Web", "ApiViewer.Core.Web\ApiViewer.Core.Web.csproj", "{7A94FE84-1736-467D-B402-3AE5E69650DD}"
EndProject
Project("{D954291E-2A0B-460D-934E-DC6B0785DB48}") = "ApiViewer.Xamarin", "ApiViewer.Xamarin\ApiViewer.Xamarin\ApiViewer.Xamarin.shproj", "{2F855805-0BFC-49BA-9918-59B60D2A5020}"
EndProject
Project("{FAE04EC0-301F-11D3-BF4B-00C04F79EFBC}") = "ApiViewer.Xamarin.Android", "ApiViewer.Xamarin\ApiViewer.Xamarin.Android\ApiViewer.Xamarin.Android.csproj", "{5FBE48B6-F904-4438-804A-7CC045FAF632}"
EndProject
Global
	GlobalSection(SharedMSBuildProjectFiles) = preSolution
		ApiViewer.Xamarin\ApiViewer.Xamarin\ApiViewer.Xamarin.projitems*{2f855805-0bfc-49ba-9918-59b60d2a5020}*SharedItemsImports = 13
		ApiViewer.Xamarin\ApiViewer.Xamarin\ApiViewer.Xamarin.projitems*{5fbe48b6-f904-4438-804a-7cc045faf632}*SharedItemsImports = 4
	EndGlobalSection
	GlobalSection(SolutionConfigurationPlatforms) = preSolution
		Ad-Hoc|Any CPU = Ad-Hoc|Any CPU
		Ad-Hoc|ARM = Ad-Hoc|ARM
		Ad-Hoc|iPhone = Ad-Hoc|iPhone
		Ad-Hoc|iPhoneSimulator = Ad-Hoc|iPhoneSimulator
		Ad-Hoc|x64 = Ad-Hoc|x64
		Ad-Hoc|x86 = Ad-Hoc|x86
		AppStore|Any CPU = AppStore|Any CPU
		AppStore|ARM = AppStore|ARM
		AppStore|iPhone = AppStore|iPhone
		AppStore|iPhoneSimulator = AppStore|iPhoneSimulator
		AppStore|x64 = AppStore|x64
		AppStore|x86 = AppStore|x86
		Debug|Any CPU = Debug|Any CPU
		Debug|ARM = Debug|ARM
		Debug|iPhone = Debug|iPhone
		Debug|iPhoneSimulator = Debug|iPhoneSimulator
		Debug|x64 = Debug|x64
		Debug|x86 = Debug|x86
		Release|Any CPU = Release|Any CPU
		Release|ARM = Release|ARM
		Release|iPhone = Release|iPhone
		Release|iPhoneSimulator = Release|iPhoneSimulator
		Release|x64 = Release|x64
		Release|x86 = Release|x86
	EndGlobalSection
	GlobalSection(ProjectConfigurationPlatforms) = postSolution
		{6B61D8C3-21EF-4A4E-BC44-0DDB6F1AC660}.Ad-Hoc|Any CPU.ActiveCfg = Release|Any CPU
		{6B61D8C3-21EF-4A4E-BC44-0DDB6F1AC660}.Ad-Hoc|Any CPU.Build.0 = Release|Any CPU
		{6B61D8C3-21EF-4A4E-BC44-0DDB6F1AC660}.Ad-Hoc|ARM.ActiveCfg = Release|Any CPU
		{6B61D8C3-21EF-4A4E-BC44-0DDB6F1AC660}.Ad-Hoc|ARM.Build.0 = Release|Any CPU
		{6B61D8C3-21EF-4A4E-BC44-0DDB6F1AC660}.Ad-Hoc|iPhone.ActiveCfg = Release|Any CPU
		{6B61D8C3-21EF-4A4E-BC44-0DDB6F1AC660}.Ad-Hoc|iPhone.Build.0 = Release|Any CPU
		{6B61D8C3-21EF-4A4E-BC44-0DDB6F1AC660}.Ad-Hoc|iPhoneSimulator.ActiveCfg = Release|Any CPU
		{6B61D8C3-21EF-4A4E-BC44-0DDB6F1AC660}.Ad-Hoc|iPhoneSimulator.Build.0 = Release|Any CPU
		{6B61D8C3-21EF-4A4E-BC44-0DDB6F1AC660}.Ad-Hoc|x64.ActiveCfg = Release|Any CPU
		{6B61D8C3-21EF-4A4E-BC44-0DDB6F1AC660}.Ad-Hoc|x64.Build.0 = Release|Any CPU
		{6B61D8C3-21EF-4A4E-BC44-0DDB6F1AC660}.Ad-Hoc|x86.ActiveCfg = Release|Any CPU
		{6B61D8C3-21EF-4A4E-BC44-0DDB6F1AC660}.Ad-Hoc|x86.Build.0 = Release|Any CPU
		{6B61D8C3-21EF-4A4E-BC44-0DDB6F1AC660}.AppStore|Any CPU.ActiveCfg = Release|Any CPU
		{6B61D8C3-21EF-4A4E-BC44-0DDB6F1AC660}.AppStore|Any CPU.Build.0 = Release|Any CPU
		{6B61D8C3-21EF-4A4E-BC44-0DDB6F1AC660}.AppStore|ARM.ActiveCfg = Release|Any CPU
		{6B61D8C3-21EF-4A4E-BC44-0DDB6F1AC660}.AppStore|ARM.Build.0 = Release|Any CPU
		{6B61D8C3-21EF-4A4E-BC44-0DDB6F1AC660}.AppStore|iPhone.ActiveCfg = Release|Any CPU
		{6B61D8C3-21EF-4A4E-BC44-0DDB6F1AC660}.AppStore|iPhone.Build.0 = Release|Any CPU
		{6B61D8C3-21EF-4A4E-BC44-0DDB6F1AC660}.AppStore|iPhoneSimulator.ActiveCfg = Release|Any CPU
		{6B61D8C3-21EF-4A4E-BC44-0DDB6F1AC660}.AppStore|iPhoneSimulator.Build.0 = Release|Any CPU
		{6B61D8C3-21EF-4A4E-BC44-0DDB6F1AC660}.AppStore|x64.ActiveCfg = Release|Any CPU
		{6B61D8C3-21EF-4A4E-BC44-0DDB6F1AC660}.AppStore|x64.Build.0 = Release|Any CPU
		{6B61D8C3-21EF-4A4E-BC44-0DDB6F1AC660}.AppStore|x86.ActiveCfg = Release|Any CPU
		{6B61D8C3-21EF-4A4E-BC44-0DDB6F1AC660}.AppStore|x86.Build.0 = Release|Any CPU
		{6B61D8C3-21EF-4A4E-BC44-0DDB6F1AC660}.Debug|Any CPU.ActiveCfg = Debug|Any CPU
		{6B61D8C3-21EF-4A4E-BC44-0DDB6F1AC660}.Debug|Any CPU.Build.0 = Debug|Any CPU
		{6B61D8C3-21EF-4A4E-BC44-0DDB6F1AC660}.Debug|ARM.ActiveCfg = Debug|Any CPU
		{6B61D8C3-21EF-4A4E-BC44-0DDB6F1AC660}.Debug|ARM.Build.0 = Debug|Any CPU
		{6B61D8C3-21EF-4A4E-BC44-0DDB6F1AC660}.Debug|iPhone.ActiveCfg = Debug|Any CPU
		{6B61D8C3-21EF-4A4E-BC44-0DDB6F1AC660}.Debug|iPhone.Build.0 = Debug|Any CPU
		{6B61D8C3-21EF-4A4E-BC44-0DDB6F1AC660}.Debug|iPhoneSimulator.ActiveCfg = Debug|Any CPU
		{6B61D8C3-21EF-4A4E-BC44-0DDB6F1AC660}.Debug|iPhoneSimulator.Build.0 = Debug|Any CPU
		{6B61D8C3-21EF-4A4E-BC44-0DDB6F1AC660}.Debug|x64.ActiveCfg = Debug|Any CPU
		{6B61D8C3-21EF-4A4E-BC44-0DDB6F1AC660}.Debug|x64.Build.0 = Debug|Any CPU
		{6B61D8C3-21EF-4A4E-BC44-0DDB6F1AC660}.Debug|x86.ActiveCfg = Debug|Any CPU
		{6B61D8C3-21EF-4A4E-BC44-0DDB6F1AC660}.Debug|x86.Build.0 = Debug|Any CPU
		{6B61D8C3-21EF-4A4E-BC44-0DDB6F1AC660}.Release|Any CPU.ActiveCfg = Release|Any CPU
		{6B61D8C3-21EF-4A4E-BC44-0DDB6F1AC660}.Release|Any CPU.Build.0 = Release|Any CPU
		{6B61D8C3-21EF-4A4E-BC44-0DDB6F1AC660}.Release|ARM.ActiveCfg = Release|Any CPU
		{6B61D8C3-21EF-4A4E-BC44-0DDB6F1AC660}.Release|ARM.Build.0 = Release|Any CPU
		{6B61D8C3-21EF-4A4E-BC44-0DDB6F1AC660}.Release|iPhone.ActiveCfg = Release|Any CPU
		{6B61D8C3-21EF-4A4E-BC44-0DDB6F1AC660}.Release|iPhone.Build.0 = Release|Any CPU
		{6B61D8C3-21EF-4A4E-BC44-0DDB6F1AC660}.Release|iPhoneSimulator.ActiveCfg = Release|Any CPU
		{6B61D8C3-21EF-4A4E-BC44-0DDB6F1AC660}.Release|iPhoneSimulator.Build.0 = Release|Any CPU
		{6B61D8C3-21EF-4A4E-BC44-0DDB6F1AC660}.Release|x64.ActiveCfg = Release|Any CPU
		{6B61D8C3-21EF-4A4E-BC44-0DDB6F1AC660}.Release|x64.Build.0 = Release|Any CPU
		{6B61D8C3-21EF-4A4E-BC44-0DDB6F1AC660}.Release|x86.ActiveCfg = Release|Any CPU
		{6B61D8C3-21EF-4A4E-BC44-0DDB6F1AC660}.Release|x86.Build.0 = Release|Any CPU
		{21C2420C-ACE8-4E8D-B123-FC4AA001826E}.Ad-Hoc|Any CPU.ActiveCfg = Release|Any CPU
		{21C2420C-ACE8-4E8D-B123-FC4AA001826E}.Ad-Hoc|Any CPU.Build.0 = Release|Any CPU
		{21C2420C-ACE8-4E8D-B123-FC4AA001826E}.Ad-Hoc|ARM.ActiveCfg = Release|Any CPU
		{21C2420C-ACE8-4E8D-B123-FC4AA001826E}.Ad-Hoc|ARM.Build.0 = Release|Any CPU
		{21C2420C-ACE8-4E8D-B123-FC4AA001826E}.Ad-Hoc|iPhone.ActiveCfg = Release|Any CPU
		{21C2420C-ACE8-4E8D-B123-FC4AA001826E}.Ad-Hoc|iPhone.Build.0 = Release|Any CPU
		{21C2420C-ACE8-4E8D-B123-FC4AA001826E}.Ad-Hoc|iPhoneSimulator.ActiveCfg = Release|Any CPU
		{21C2420C-ACE8-4E8D-B123-FC4AA001826E}.Ad-Hoc|iPhoneSimulator.Build.0 = Release|Any CPU
		{21C2420C-ACE8-4E8D-B123-FC4AA001826E}.Ad-Hoc|x64.ActiveCfg = Release|Any CPU
		{21C2420C-ACE8-4E8D-B123-FC4AA001826E}.Ad-Hoc|x64.Build.0 = Release|Any CPU
		{21C2420C-ACE8-4E8D-B123-FC4AA001826E}.Ad-Hoc|x86.ActiveCfg = Release|Any CPU
		{21C2420C-ACE8-4E8D-B123-FC4AA001826E}.Ad-Hoc|x86.Build.0 = Release|Any CPU
		{21C2420C-ACE8-4E8D-B123-FC4AA001826E}.AppStore|Any CPU.ActiveCfg = Release|Any CPU
		{21C2420C-ACE8-4E8D-B123-FC4AA001826E}.AppStore|Any CPU.Build.0 = Release|Any CPU
		{21C2420C-ACE8-4E8D-B123-FC4AA001826E}.AppStore|ARM.ActiveCfg = Release|Any CPU
		{21C2420C-ACE8-4E8D-B123-FC4AA001826E}.AppStore|ARM.Build.0 = Release|Any CPU
		{21C2420C-ACE8-4E8D-B123-FC4AA001826E}.AppStore|iPhone.ActiveCfg = Release|Any CPU
		{21C2420C-ACE8-4E8D-B123-FC4AA001826E}.AppStore|iPhone.Build.0 = Release|Any CPU
		{21C2420C-ACE8-4E8D-B123-FC4AA001826E}.AppStore|iPhoneSimulator.ActiveCfg = Release|Any CPU
		{21C2420C-ACE8-4E8D-B123-FC4AA001826E}.AppStore|iPhoneSimulator.Build.0 = Release|Any CPU
		{21C2420C-ACE8-4E8D-B123-FC4AA001826E}.AppStore|x64.ActiveCfg = Release|Any CPU
		{21C2420C-ACE8-4E8D-B123-FC4AA001826E}.AppStore|x64.Build.0 = Release|Any CPU
		{21C2420C-ACE8-4E8D-B123-FC4AA001826E}.AppStore|x86.ActiveCfg = Release|Any CPU
		{21C2420C-ACE8-4E8D-B123-FC4AA001826E}.AppStore|x86.Build.0 = Release|Any CPU
		{21C2420C-ACE8-4E8D-B123-FC4AA001826E}.Debug|Any CPU.ActiveCfg = Debug|Any CPU
		{21C2420C-ACE8-4E8D-B123-FC4AA001826E}.Debug|Any CPU.Build.0 = Debug|Any CPU
		{21C2420C-ACE8-4E8D-B123-FC4AA001826E}.Debug|ARM.ActiveCfg = Debug|Any CPU
		{21C2420C-ACE8-4E8D-B123-FC4AA001826E}.Debug|ARM.Build.0 = Debug|Any CPU
		{21C2420C-ACE8-4E8D-B123-FC4AA001826E}.Debug|iPhone.ActiveCfg = Debug|Any CPU
		{21C2420C-ACE8-4E8D-B123-FC4AA001826E}.Debug|iPhone.Build.0 = Debug|Any CPU
		{21C2420C-ACE8-4E8D-B123-FC4AA001826E}.Debug|iPhoneSimulator.ActiveCfg = Debug|Any CPU
		{21C2420C-ACE8-4E8D-B123-FC4AA001826E}.Debug|iPhoneSimulator.Build.0 = Debug|Any CPU
		{21C2420C-ACE8-4E8D-B123-FC4AA001826E}.Debug|x64.ActiveCfg = Debug|Any CPU
		{21C2420C-ACE8-4E8D-B123-FC4AA001826E}.Debug|x64.Build.0 = Debug|Any CPU
		{21C2420C-ACE8-4E8D-B123-FC4AA001826E}.Debug|x86.ActiveCfg = Debug|Any CPU
		{21C2420C-ACE8-4E8D-B123-FC4AA001826E}.Debug|x86.Build.0 = Debug|Any CPU
		{21C2420C-ACE8-4E8D-B123-FC4AA001826E}.Release|Any CPU.ActiveCfg = Release|Any CPU
		{21C2420C-ACE8-4E8D-B123-FC4AA001826E}.Release|Any CPU.Build.0 = Release|Any CPU
		{21C2420C-ACE8-4E8D-B123-FC4AA001826E}.Release|ARM.ActiveCfg = Release|Any CPU
		{21C2420C-ACE8-4E8D-B123-FC4AA001826E}.Release|ARM.Build.0 = Release|Any CPU
		{21C2420C-ACE8-4E8D-B123-FC4AA001826E}.Release|iPhone.ActiveCfg = Release|Any CPU
		{21C2420C-ACE8-4E8D-B123-FC4AA001826E}.Release|iPhone.Build.0 = Release|Any CPU
		{21C2420C-ACE8-4E8D-B123-FC4AA001826E}.Release|iPhoneSimulator.ActiveCfg = Release|Any CPU
		{21C2420C-ACE8-4E8D-B123-FC4AA001826E}.Release|iPhoneSimulator.Build.0 = Release|Any CPU
		{21C2420C-ACE8-4E8D-B123-FC4AA001826E}.Release|x64.ActiveCfg = Release|Any CPU
		{21C2420C-ACE8-4E8D-B123-FC4AA001826E}.Release|x64.Build.0 = Release|Any CPU
		{21C2420C-ACE8-4E8D-B123-FC4AA001826E}.Release|x86.ActiveCfg = Release|Any CPU
		{21C2420C-ACE8-4E8D-B123-FC4AA001826E}.Release|x86.Build.0 = Release|Any CPU
		{98C9F7CD-DBDE-431B-BA11-47D2C222C346}.Ad-Hoc|Any CPU.ActiveCfg = Debug|Any CPU
		{98C9F7CD-DBDE-431B-BA11-47D2C222C346}.Ad-Hoc|Any CPU.Build.0 = Debug|Any CPU
		{98C9F7CD-DBDE-431B-BA11-47D2C222C346}.Ad-Hoc|ARM.ActiveCfg = Debug|Any CPU
		{98C9F7CD-DBDE-431B-BA11-47D2C222C346}.Ad-Hoc|ARM.Build.0 = Debug|Any CPU
		{98C9F7CD-DBDE-431B-BA11-47D2C222C346}.Ad-Hoc|iPhone.ActiveCfg = Debug|Any CPU
		{98C9F7CD-DBDE-431B-BA11-47D2C222C346}.Ad-Hoc|iPhone.Build.0 = Debug|Any CPU
		{98C9F7CD-DBDE-431B-BA11-47D2C222C346}.Ad-Hoc|iPhoneSimulator.ActiveCfg = Debug|Any CPU
		{98C9F7CD-DBDE-431B-BA11-47D2C222C346}.Ad-Hoc|iPhoneSimulator.Build.0 = Debug|Any CPU
		{98C9F7CD-DBDE-431B-BA11-47D2C222C346}.Ad-Hoc|x64.ActiveCfg = Debug|Any CPU
		{98C9F7CD-DBDE-431B-BA11-47D2C222C346}.Ad-Hoc|x64.Build.0 = Debug|Any CPU
		{98C9F7CD-DBDE-431B-BA11-47D2C222C346}.Ad-Hoc|x86.ActiveCfg = Debug|Any CPU
		{98C9F7CD-DBDE-431B-BA11-47D2C222C346}.Ad-Hoc|x86.Build.0 = Debug|Any CPU
		{98C9F7CD-DBDE-431B-BA11-47D2C222C346}.AppStore|Any CPU.ActiveCfg = Debug|Any CPU
		{98C9F7CD-DBDE-431B-BA11-47D2C222C346}.AppStore|Any CPU.Build.0 = Debug|Any CPU
		{98C9F7CD-DBDE-431B-BA11-47D2C222C346}.AppStore|ARM.ActiveCfg = Debug|Any CPU
		{98C9F7CD-DBDE-431B-BA11-47D2C222C346}.AppStore|ARM.Build.0 = Debug|Any CPU
		{98C9F7CD-DBDE-431B-BA11-47D2C222C346}.AppStore|iPhone.ActiveCfg = Debug|Any CPU
		{98C9F7CD-DBDE-431B-BA11-47D2C222C346}.AppStore|iPhone.Build.0 = Debug|Any CPU
		{98C9F7CD-DBDE-431B-BA11-47D2C222C346}.AppStore|iPhoneSimulator.ActiveCfg = Debug|Any CPU
		{98C9F7CD-DBDE-431B-BA11-47D2C222C346}.AppStore|iPhoneSimulator.Build.0 = Debug|Any CPU
		{98C9F7CD-DBDE-431B-BA11-47D2C222C346}.AppStore|x64.ActiveCfg = Debug|Any CPU
		{98C9F7CD-DBDE-431B-BA11-47D2C222C346}.AppStore|x64.Build.0 = Debug|Any CPU
		{98C9F7CD-DBDE-431B-BA11-47D2C222C346}.AppStore|x86.ActiveCfg = Debug|Any CPU
		{98C9F7CD-DBDE-431B-BA11-47D2C222C346}.AppStore|x86.Build.0 = Debug|Any CPU
		{98C9F7CD-DBDE-431B-BA11-47D2C222C346}.Debug|Any CPU.ActiveCfg = Debug|Any CPU
		{98C9F7CD-DBDE-431B-BA11-47D2C222C346}.Debug|Any CPU.Build.0 = Debug|Any CPU
		{98C9F7CD-DBDE-431B-BA11-47D2C222C346}.Debug|ARM.ActiveCfg = Debug|Any CPU
		{98C9F7CD-DBDE-431B-BA11-47D2C222C346}.Debug|ARM.Build.0 = Debug|Any CPU
		{98C9F7CD-DBDE-431B-BA11-47D2C222C346}.Debug|iPhone.ActiveCfg = Debug|Any CPU
		{98C9F7CD-DBDE-431B-BA11-47D2C222C346}.Debug|iPhone.Build.0 = Debug|Any CPU
		{98C9F7CD-DBDE-431B-BA11-47D2C222C346}.Debug|iPhoneSimulator.ActiveCfg = Debug|Any CPU
		{98C9F7CD-DBDE-431B-BA11-47D2C222C346}.Debug|iPhoneSimulator.Build.0 = Debug|Any CPU
		{98C9F7CD-DBDE-431B-BA11-47D2C222C346}.Debug|x64.ActiveCfg = Debug|Any CPU
		{98C9F7CD-DBDE-431B-BA11-47D2C222C346}.Debug|x64.Build.0 = Debug|Any CPU
		{98C9F7CD-DBDE-431B-BA11-47D2C222C346}.Debug|x86.ActiveCfg = Debug|Any CPU
		{98C9F7CD-DBDE-431B-BA11-47D2C222C346}.Debug|x86.Build.0 = Debug|Any CPU
		{98C9F7CD-DBDE-431B-BA11-47D2C222C346}.Release|Any CPU.ActiveCfg = Release|Any CPU
		{98C9F7CD-DBDE-431B-BA11-47D2C222C346}.Release|Any CPU.Build.0 = Release|Any CPU
		{98C9F7CD-DBDE-431B-BA11-47D2C222C346}.Release|ARM.ActiveCfg = Release|Any CPU
		{98C9F7CD-DBDE-431B-BA11-47D2C222C346}.Release|ARM.Build.0 = Release|Any CPU
		{98C9F7CD-DBDE-431B-BA11-47D2C222C346}.Release|iPhone.ActiveCfg = Release|Any CPU
		{98C9F7CD-DBDE-431B-BA11-47D2C222C346}.Release|iPhone.Build.0 = Release|Any CPU
		{98C9F7CD-DBDE-431B-BA11-47D2C222C346}.Release|iPhoneSimulator.ActiveCfg = Release|Any CPU
		{98C9F7CD-DBDE-431B-BA11-47D2C222C346}.Release|iPhoneSimulator.Build.0 = Release|Any CPU
		{98C9F7CD-DBDE-431B-BA11-47D2C222C346}.Release|x64.ActiveCfg = Release|Any CPU
		{98C9F7CD-DBDE-431B-BA11-47D2C222C346}.Release|x64.Build.0 = Release|Any CPU
		{98C9F7CD-DBDE-431B-BA11-47D2C222C346}.Release|x86.ActiveCfg = Release|Any CPU
		{98C9F7CD-DBDE-431B-BA11-47D2C222C346}.Release|x86.Build.0 = Release|Any CPU
		{7A94FE84-1736-467D-B402-3AE5E69650DD}.Ad-Hoc|Any CPU.ActiveCfg = Debug|Any CPU
		{7A94FE84-1736-467D-B402-3AE5E69650DD}.Ad-Hoc|Any CPU.Build.0 = Debug|Any CPU
		{7A94FE84-1736-467D-B402-3AE5E69650DD}.Ad-Hoc|ARM.ActiveCfg = Debug|Any CPU
		{7A94FE84-1736-467D-B402-3AE5E69650DD}.Ad-Hoc|ARM.Build.0 = Debug|Any CPU
		{7A94FE84-1736-467D-B402-3AE5E69650DD}.Ad-Hoc|iPhone.ActiveCfg = Debug|Any CPU
		{7A94FE84-1736-467D-B402-3AE5E69650DD}.Ad-Hoc|iPhone.Build.0 = Debug|Any CPU
		{7A94FE84-1736-467D-B402-3AE5E69650DD}.Ad-Hoc|iPhoneSimulator.ActiveCfg = Debug|Any CPU
		{7A94FE84-1736-467D-B402-3AE5E69650DD}.Ad-Hoc|iPhoneSimulator.Build.0 = Debug|Any CPU
		{7A94FE84-1736-467D-B402-3AE5E69650DD}.Ad-Hoc|x64.ActiveCfg = Debug|Any CPU
		{7A94FE84-1736-467D-B402-3AE5E69650DD}.Ad-Hoc|x64.Build.0 = Debug|Any CPU
		{7A94FE84-1736-467D-B402-3AE5E69650DD}.Ad-Hoc|x86.ActiveCfg = Debug|Any CPU
		{7A94FE84-1736-467D-B402-3AE5E69650DD}.Ad-Hoc|x86.Build.0 = Debug|Any CPU
		{7A94FE84-1736-467D-B402-3AE5E69650DD}.AppStore|Any CPU.ActiveCfg = Debug|Any CPU
		{7A94FE84-1736-467D-B402-3AE5E69650DD}.AppStore|Any CPU.Build.0 = Debug|Any CPU
		{7A94FE84-1736-467D-B402-3AE5E69650DD}.AppStore|ARM.ActiveCfg = Debug|Any CPU
		{7A94FE84-1736-467D-B402-3AE5E69650DD}.AppStore|ARM.Build.0 = Debug|Any CPU
		{7A94FE84-1736-467D-B402-3AE5E69650DD}.AppStore|iPhone.ActiveCfg = Debug|Any CPU
		{7A94FE84-1736-467D-B402-3AE5E69650DD}.AppStore|iPhone.Build.0 = Debug|Any CPU
		{7A94FE84-1736-467D-B402-3AE5E69650DD}.AppStore|iPhoneSimulator.ActiveCfg = Debug|Any CPU
		{7A94FE84-1736-467D-B402-3AE5E69650DD}.AppStore|iPhoneSimulator.Build.0 = Debug|Any CPU
		{7A94FE84-1736-467D-B402-3AE5E69650DD}.AppStore|x64.ActiveCfg = Debug|Any CPU
		{7A94FE84-1736-467D-B402-3AE5E69650DD}.AppStore|x64.Build.0 = Debug|Any CPU
		{7A94FE84-1736-467D-B402-3AE5E69650DD}.AppStore|x86.ActiveCfg = Debug|Any CPU
		{7A94FE84-1736-467D-B402-3AE5E69650DD}.AppStore|x86.Build.0 = Debug|Any CPU
		{7A94FE84-1736-467D-B402-3AE5E69650DD}.Debug|Any CPU.ActiveCfg = Debug|Any CPU
		{7A94FE84-1736-467D-B402-3AE5E69650DD}.Debug|Any CPU.Build.0 = Debug|Any CPU
		{7A94FE84-1736-467D-B402-3AE5E69650DD}.Debug|ARM.ActiveCfg = Debug|Any CPU
		{7A94FE84-1736-467D-B402-3AE5E69650DD}.Debug|ARM.Build.0 = Debug|Any CPU
		{7A94FE84-1736-467D-B402-3AE5E69650DD}.Debug|iPhone.ActiveCfg = Debug|Any CPU
		{7A94FE84-1736-467D-B402-3AE5E69650DD}.Debug|iPhone.Build.0 = Debug|Any CPU
		{7A94FE84-1736-467D-B402-3AE5E69650DD}.Debug|iPhoneSimulator.ActiveCfg = Debug|Any CPU
		{7A94FE84-1736-467D-B402-3AE5E69650DD}.Debug|iPhoneSimulator.Build.0 = Debug|Any CPU
		{7A94FE84-1736-467D-B402-3AE5E69650DD}.Debug|x64.ActiveCfg = Debug|Any CPU
		{7A94FE84-1736-467D-B402-3AE5E69650DD}.Debug|x64.Build.0 = Debug|Any CPU
		{7A94FE84-1736-467D-B402-3AE5E69650DD}.Debug|x86.ActiveCfg = Debug|Any CPU
		{7A94FE84-1736-467D-B402-3AE5E69650DD}.Debug|x86.Build.0 = Debug|Any CPU
		{7A94FE84-1736-467D-B402-3AE5E69650DD}.Release|Any CPU.ActiveCfg = Release|Any CPU
		{7A94FE84-1736-467D-B402-3AE5E69650DD}.Release|Any CPU.Build.0 = Release|Any CPU
		{7A94FE84-1736-467D-B402-3AE5E69650DD}.Release|ARM.ActiveCfg = Release|Any CPU
		{7A94FE84-1736-467D-B402-3AE5E69650DD}.Release|ARM.Build.0 = Release|Any CPU
		{7A94FE84-1736-467D-B402-3AE5E69650DD}.Release|iPhone.ActiveCfg = Release|Any CPU
		{7A94FE84-1736-467D-B402-3AE5E69650DD}.Release|iPhone.Build.0 = Release|Any CPU
		{7A94FE84-1736-467D-B402-3AE5E69650DD}.Release|iPhoneSimulator.ActiveCfg = Release|Any CPU
		{7A94FE84-1736-467D-B402-3AE5E69650DD}.Release|iPhoneSimulator.Build.0 = Release|Any CPU
		{7A94FE84-1736-467D-B402-3AE5E69650DD}.Release|x64.ActiveCfg = Release|Any CPU
		{7A94FE84-1736-467D-B402-3AE5E69650DD}.Release|x64.Build.0 = Release|Any CPU
		{7A94FE84-1736-467D-B402-3AE5E69650DD}.Release|x86.ActiveCfg = Release|Any CPU
		{7A94FE84-1736-467D-B402-3AE5E69650DD}.Release|x86.Build.0 = Release|Any CPU
		{5FBE48B6-F904-4438-804A-7CC045FAF632}.Ad-Hoc|Any CPU.ActiveCfg = Release|Any CPU
		{5FBE48B6-F904-4438-804A-7CC045FAF632}.Ad-Hoc|Any CPU.Build.0 = Release|Any CPU
		{5FBE48B6-F904-4438-804A-7CC045FAF632}.Ad-Hoc|Any CPU.Deploy.0 = Release|Any CPU
		{5FBE48B6-F904-4438-804A-7CC045FAF632}.Ad-Hoc|ARM.ActiveCfg = Release|Any CPU
		{5FBE48B6-F904-4438-804A-7CC045FAF632}.Ad-Hoc|ARM.Build.0 = Release|Any CPU
		{5FBE48B6-F904-4438-804A-7CC045FAF632}.Ad-Hoc|ARM.Deploy.0 = Release|Any CPU
		{5FBE48B6-F904-4438-804A-7CC045FAF632}.Ad-Hoc|iPhone.ActiveCfg = Release|Any CPU
		{5FBE48B6-F904-4438-804A-7CC045FAF632}.Ad-Hoc|iPhone.Build.0 = Release|Any CPU
		{5FBE48B6-F904-4438-804A-7CC045FAF632}.Ad-Hoc|iPhone.Deploy.0 = Release|Any CPU
		{5FBE48B6-F904-4438-804A-7CC045FAF632}.Ad-Hoc|iPhoneSimulator.ActiveCfg = Release|Any CPU
		{5FBE48B6-F904-4438-804A-7CC045FAF632}.Ad-Hoc|iPhoneSimulator.Build.0 = Release|Any CPU
		{5FBE48B6-F904-4438-804A-7CC045FAF632}.Ad-Hoc|iPhoneSimulator.Deploy.0 = Release|Any CPU
		{5FBE48B6-F904-4438-804A-7CC045FAF632}.Ad-Hoc|x64.ActiveCfg = Release|Any CPU
		{5FBE48B6-F904-4438-804A-7CC045FAF632}.Ad-Hoc|x64.Build.0 = Release|Any CPU
		{5FBE48B6-F904-4438-804A-7CC045FAF632}.Ad-Hoc|x64.Deploy.0 = Release|Any CPU
		{5FBE48B6-F904-4438-804A-7CC045FAF632}.Ad-Hoc|x86.ActiveCfg = Release|Any CPU
		{5FBE48B6-F904-4438-804A-7CC045FAF632}.Ad-Hoc|x86.Build.0 = Release|Any CPU
		{5FBE48B6-F904-4438-804A-7CC045FAF632}.Ad-Hoc|x86.Deploy.0 = Release|Any CPU
		{5FBE48B6-F904-4438-804A-7CC045FAF632}.AppStore|Any CPU.ActiveCfg = Release|Any CPU
		{5FBE48B6-F904-4438-804A-7CC045FAF632}.AppStore|Any CPU.Build.0 = Release|Any CPU
		{5FBE48B6-F904-4438-804A-7CC045FAF632}.AppStore|Any CPU.Deploy.0 = Release|Any CPU
		{5FBE48B6-F904-4438-804A-7CC045FAF632}.AppStore|ARM.ActiveCfg = Release|Any CPU
		{5FBE48B6-F904-4438-804A-7CC045FAF632}.AppStore|ARM.Build.0 = Release|Any CPU
		{5FBE48B6-F904-4438-804A-7CC045FAF632}.AppStore|ARM.Deploy.0 = Release|Any CPU
		{5FBE48B6-F904-4438-804A-7CC045FAF632}.AppStore|iPhone.ActiveCfg = Release|Any CPU
		{5FBE48B6-F904-4438-804A-7CC045FAF632}.AppStore|iPhone.Build.0 = Release|Any CPU
		{5FBE48B6-F904-4438-804A-7CC045FAF632}.AppStore|iPhone.Deploy.0 = Release|Any CPU
		{5FBE48B6-F904-4438-804A-7CC045FAF632}.AppStore|iPhoneSimulator.ActiveCfg = Release|Any CPU
		{5FBE48B6-F904-4438-804A-7CC045FAF632}.AppStore|iPhoneSimulator.Build.0 = Release|Any CPU
		{5FBE48B6-F904-4438-804A-7CC045FAF632}.AppStore|iPhoneSimulator.Deploy.0 = Release|Any CPU
		{5FBE48B6-F904-4438-804A-7CC045FAF632}.AppStore|x64.ActiveCfg = Release|Any CPU
		{5FBE48B6-F904-4438-804A-7CC045FAF632}.AppStore|x64.Build.0 = Release|Any CPU
		{5FBE48B6-F904-4438-804A-7CC045FAF632}.AppStore|x64.Deploy.0 = Release|Any CPU
		{5FBE48B6-F904-4438-804A-7CC045FAF632}.AppStore|x86.ActiveCfg = Release|Any CPU
		{5FBE48B6-F904-4438-804A-7CC045FAF632}.AppStore|x86.Build.0 = Release|Any CPU
		{5FBE48B6-F904-4438-804A-7CC045FAF632}.AppStore|x86.Deploy.0 = Release|Any CPU
		{5FBE48B6-F904-4438-804A-7CC045FAF632}.Debug|Any CPU.ActiveCfg = Debug|Any CPU
		{5FBE48B6-F904-4438-804A-7CC045FAF632}.Debug|Any CPU.Build.0 = Debug|Any CPU
		{5FBE48B6-F904-4438-804A-7CC045FAF632}.Debug|Any CPU.Deploy.0 = Debug|Any CPU
		{5FBE48B6-F904-4438-804A-7CC045FAF632}.Debug|ARM.ActiveCfg = Debug|Any CPU
		{5FBE48B6-F904-4438-804A-7CC045FAF632}.Debug|ARM.Build.0 = Debug|Any CPU
		{5FBE48B6-F904-4438-804A-7CC045FAF632}.Debug|ARM.Deploy.0 = Debug|Any CPU
		{5FBE48B6-F904-4438-804A-7CC045FAF632}.Debug|iPhone.ActiveCfg = Debug|Any CPU
		{5FBE48B6-F904-4438-804A-7CC045FAF632}.Debug|iPhone.Build.0 = Debug|Any CPU
		{5FBE48B6-F904-4438-804A-7CC045FAF632}.Debug|iPhone.Deploy.0 = Debug|Any CPU
		{5FBE48B6-F904-4438-804A-7CC045FAF632}.Debug|iPhoneSimulator.ActiveCfg = Debug|Any CPU
		{5FBE48B6-F904-4438-804A-7CC045FAF632}.Debug|iPhoneSimulator.Build.0 = Debug|Any CPU
		{5FBE48B6-F904-4438-804A-7CC045FAF632}.Debug|iPhoneSimulator.Deploy.0 = Debug|Any CPU
		{5FBE48B6-F904-4438-804A-7CC045FAF632}.Debug|x64.ActiveCfg = Debug|Any CPU
		{5FBE48B6-F904-4438-804A-7CC045FAF632}.Debug|x64.Build.0 = Debug|Any CPU
		{5FBE48B6-F904-4438-804A-7CC045FAF632}.Debug|x64.Deploy.0 = Debug|Any CPU
		{5FBE48B6-F904-4438-804A-7CC045FAF632}.Debug|x86.ActiveCfg = Debug|Any CPU
		{5FBE48B6-F904-4438-804A-7CC045FAF632}.Debug|x86.Build.0 = Debug|Any CPU
		{5FBE48B6-F904-4438-804A-7CC045FAF632}.Debug|x86.Deploy.0 = Debug|Any CPU
		{5FBE48B6-F904-4438-804A-7CC045FAF632}.Release|Any CPU.ActiveCfg = Release|Any CPU
		{5FBE48B6-F904-4438-804A-7CC045FAF632}.Release|Any CPU.Build.0 = Release|Any CPU
		{5FBE48B6-F904-4438-804A-7CC045FAF632}.Release|Any CPU.Deploy.0 = Release|Any CPU
		{5FBE48B6-F904-4438-804A-7CC045FAF632}.Release|ARM.ActiveCfg = Release|Any CPU
		{5FBE48B6-F904-4438-804A-7CC045FAF632}.Release|ARM.Build.0 = Release|Any CPU
		{5FBE48B6-F904-4438-804A-7CC045FAF632}.Release|ARM.Deploy.0 = Release|Any CPU
		{5FBE48B6-F904-4438-804A-7CC045FAF632}.Release|iPhone.ActiveCfg = Release|Any CPU
		{5FBE48B6-F904-4438-804A-7CC045FAF632}.Release|iPhone.Build.0 = Release|Any CPU
		{5FBE48B6-F904-4438-804A-7CC045FAF632}.Release|iPhone.Deploy.0 = Release|Any CPU
		{5FBE48B6-F904-4438-804A-7CC045FAF632}.Release|iPhoneSimulator.ActiveCfg = Release|Any CPU
		{5FBE48B6-F904-4438-804A-7CC045FAF632}.Release|iPhoneSimulator.Build.0 = Release|Any CPU
		{5FBE48B6-F904-4438-804A-7CC045FAF632}.Release|iPhoneSimulator.Deploy.0 = Release|Any CPU
		{5FBE48B6-F904-4438-804A-7CC045FAF632}.Release|x64.ActiveCfg = Release|Any CPU
		{5FBE48B6-F904-4438-804A-7CC045FAF632}.Release|x64.Build.0 = Release|Any CPU
		{5FBE48B6-F904-4438-804A-7CC045FAF632}.Release|x64.Deploy.0 = Release|Any CPU
		{5FBE48B6-F904-4438-804A-7CC045FAF632}.Release|x86.ActiveCfg = Release|Any CPU
		{5FBE48B6-F904-4438-804A-7CC045FAF632}.Release|x86.Build.0 = Release|Any CPU
		{5FBE48B6-F904-4438-804A-7CC045FAF632}.Release|x86.Deploy.0 = Release|Any CPU
	EndGlobalSection
	GlobalSection(SolutionProperties) = preSolution
		HideSolutionNode = FALSE
	EndGlobalSection
	GlobalSection(ExtensibilityGlobals) = postSolution
		SolutionGuid = {D3DDD4E8-6819-44B0-B438-1C817DDBBF45}
	EndGlobalSection
EndGlobal
